
Microsoft Visual Studio Solution File, Format Version 12.00
# Visual Studio Version 16
VisualStudioVersion = 16.0.29424.173
MinimumVisualStudioVersion = 10.0.40219.1
Project("{FAE04EC0-301F-11D3-BF4B-00C04F79EFBC}") = "Proiect_IP_ChestionarAuto", "Proiect_IP_ChestionarAuto\Proiect_IP_ChestionarAuto.csproj", "{C6303282-5549-4275-A86A-B87DE705D1B8}"
EndProject
Global
	GlobalSection(SolutionConfigurationPlatforms) = preSolution
		Debug|Any CPU = Debug|Any CPU
		Release|Any CPU = Release|Any CPU
	EndGlobalSection
	GlobalSection(ProjectConfigurationPlatforms) = postSolution
		{C6303282-5549-4275-A86A-B87DE705D1B8}.Debug|Any CPU.ActiveCfg = Debug|Any CPU
		{C6303282-5549-4275-A86A-B87DE705D1B8}.Debug|Any CPU.Build.0 = Debug|Any CPU
		{C6303282-5549-4275-A86A-B87DE705D1B8}.Release|Any CPU.ActiveCfg = Release|Any CPU
		{C6303282-5549-4275-A86A-B87DE705D1B8}.Release|Any CPU.Build.0 = Release|Any CPU
	EndGlobalSection
	GlobalSection(SolutionProperties) = preSolution
		HideSolutionNode = FALSE
	EndGlobalSection
	GlobalSection(ExtensibilityGlobals) = postSolution
		SolutionGuid = {CF058079-0BC8-4174-B49E-09136A86360A}
	EndGlobalSection
EndGlobal
